Microsoft Visual Studio Solution File, Format Version 12.00
# Visual Studio 2012
Project("{FAE04EC0-301F-11D3-BF4B-00C04F79EFBC}") = "Halo&Hell", "Halo&Hell.csproj", "{F0721C0C-8731-45CD-AC19-858B5D19169A}"
EndProject
Global
	GlobalSection(SolutionConfigurationPlatforms) = preSolution
	Debug|Any CPU = Debug|Any CPU
	ExportDebug|Any CPU = ExportDebug|Any CPU
	ExportRelease|Any CPU = ExportRelease|Any CPU
	EndGlobalSection
	GlobalSection(ProjectConfigurationPlatforms) = postSolution
		{F0721C0C-8731-45CD-AC19-858B5D19169A}.Debug|Any CPU.ActiveCfg = Debug|Any CPU
		{F0721C0C-8731-45CD-AC19-858B5D19169A}.Debug|Any CPU.Build.0 = Debug|Any CPU
		{F0721C0C-8731-45CD-AC19-858B5D19169A}.ExportDebug|Any CPU.ActiveCfg = ExportDebug|Any CPU
		{F0721C0C-8731-45CD-AC19-858B5D19169A}.ExportDebug|Any CPU.Build.0 = ExportDebug|Any CPU
		{F0721C0C-8731-45CD-AC19-858B5D19169A}.ExportRelease|Any CPU.ActiveCfg = ExportRelease|Any CPU
		{F0721C0C-8731-45CD-AC19-858B5D19169A}.ExportRelease|Any CPU.Build.0 = ExportRelease|Any CPU
	EndGlobalSection
EndGlobal
